Microsoft Visual Studio Solution File, Format Version 12.00
# Visual Studio Version 17
VisualStudioVersion = 17.0.31903.59
MinimumVisualStudioVersion = 10.0.40219.1
Project("{FAE04EC0-301F-11D3-BF4B-00C04F79EFBC}") = "AgctorSDK.Core", "AgctorSDK.Core\AgctorSDK.Core.csproj", "{D0F5FD7A-24B1-4E01-A53D-3F9DDA7CDAA7}"
EndProject
Project("{FAE04EC0-301F-11D3-BF4B-00C04F79EFBC}") = "AgctorCLI", "AgctorCLI\AgctorCLI.csproj", "{29E1644B-1B29-40E5-98F6-38E481828DFD}"
EndProject
Project("{FAE04EC0-301F-11D3-BF4B-00C04F79EFBC}") = "AgctorSDK.Core.Tests", "AgctorSDK.Core.Tests\AgctorSDK.Core.Tests.csproj", "{CE065716-E5B1-4534-9DC4-FC1A54A71DE0}"
EndProject
Project("{FAE04EC0-301F-11D3-BF4B-00C04F79EFBC}") = "AgctorSDK.Core.IntegrationTests", "AgctorSDK.Core.IntegrationTests\AgctorSDK.Core.IntegrationTests.csproj", "{B5489EDF-E6BD-4F9B-807F-3758DB093C13}"
EndProject
Project("{FAE04EC0-301F-11D3-BF4B-00C04F79EFBC}") = "AgctorSDK.Host", "AgctorSDK.Host\AgctorSDK.Host.csproj", "{A8B9C3D2-E1F0-4567-8901-234567890ABC}"
EndProject
Project("{FAE04EC0-301F-11D3-BF4B-00C04F79EFBC}") = "AgctorSDK.Host.IntegrationTests", "AgctorSDK.Host.IntegrationTests\AgctorSDK.Host.IntegrationTests.csproj", "{C9D8E3F4-G5H6-7890-1234-567890ABCDEF}"
EndProject
Project("{FAE04EC0-301F-11D3-BF4B-00C04F79EFBC}") = "AgctorSDK.Agents", "AgctorSDK.Agents\AgctorSDK.Agents.csproj", "{4B218820-D0E2-4E17-9E69-633091114FDF}"
EndProject
Project("{FAE04EC0-301F-11D3-BF4B-00C04F79EFBC}") = "AgctorSDK.Tools", "AgctorSDK.Tools\AgctorSDK.Tools.csproj", "{5D1B56FF-681D-4B16-ADA4-8B97C73D4BA0}"
EndProject
Project("{FAE04EC0-301F-11D3-BF4B-00C04F79EFBC}") = "AgctorSDK.Extensions", "AgctorSDK.Extensions\AgctorSDK.Extensions.csproj", "{C5B25A01-112C-482E-A4D3-283E6DEE6C59}"
EndProject
Project("{FAE04EC0-301F-11D3-BF4B-00C04F79EFBC}") = "AgctorSDK.CodeGraph", "AgctorSDK.CodeGraph\AgctorSDK.CodeGraph.csproj", "{E2C95FE2-BA9B-49BE-B2EC-3F92AC9E3273}"
EndProject
Project("{FAE04EC0-301F-11D3-BF4B-00C04F79EFBC}") = "AgctorSDK.CodeGraph.Tests", "AgctorSDK.CodeGraph.Tests\AgctorSDK.CodeGraph.Tests.csproj", "{F4A652F1-8F84-4BC6-A6CD-D77E5E4FC4F4}"
EndProject
Global
	GlobalSection(SolutionConfigurationPlatforms) = preSolution
		Debug|Any CPU = Debug|Any CPU
		Release|Any CPU = Release|Any CPU
	EndGlobalSection
	GlobalSection(SolutionProperties) = preSolution
		HideSolutionNode = FALSE
	EndGlobalSection
	GlobalSection(ProjectConfigurationPlatforms) = postSolution
		{D0F5FD7A-24B1-4E01-A53D-3F9DDA7CDAA7}.Debug|Any CPU.ActiveCfg = Debug|Any CPU
		{D0F5FD7A-24B1-4E01-A53D-3F9DDA7CDAA7}.Debug|Any CPU.Build.0 = Debug|Any CPU
		{D0F5FD7A-24B1-4E01-A53D-3F9DDA7CDAA7}.Release|Any CPU.ActiveCfg = Release|Any CPU
		{D0F5FD7A-24B1-4E01-A53D-3F9DDA7CDAA7}.Release|Any CPU.Build.0 = Release|Any CPU
		{29E1644B-1B29-40E5-98F6-38E481828DFD}.Debug|Any CPU.ActiveCfg = Debug|Any CPU
		{29E1644B-1B29-40E5-98F6-38E481828DFD}.Debug|Any CPU.Build.0 = Debug|Any CPU
		{29E1644B-1B29-40E5-98F6-38E481828DFD}.Release|Any CPU.ActiveCfg = Release|Any CPU
		{29E1644B-1B29-40E5-98F6-38E481828DFD}.Release|Any CPU.Build.0 = Release|Any CPU
		{CE065716-E5B1-4534-9DC4-FC1A54A71DE0}.Debug|Any CPU.ActiveCfg = Debug|Any CPU
		{CE065716-E5B1-4534-9DC4-FC1A54A71DE0}.Debug|Any CPU.Build.0 = Debug|Any CPU
		{CE065716-E5B1-4534-9DC4-FC1A54A71DE0}.Release|Any CPU.ActiveCfg = Release|Any CPU
		{CE065716-E5B1-4534-9DC4-FC1A54A71DE0}.Release|Any CPU.Build.0 = Release|Any CPU
		{B5489EDF-E6BD-4F9B-807F-3758DB093C13}.Debug|Any CPU.ActiveCfg = Debug|Any CPU
		{B5489EDF-E6BD-4F9B-807F-3758DB093C13}.Debug|Any CPU.Build.0 = Debug|Any CPU
		{B5489EDF-E6BD-4F9B-807F-3758DB093C13}.Release|Any CPU.ActiveCfg = Release|Any CPU
		{B5489EDF-E6BD-4F9B-807F-3758DB093C13}.Release|Any CPU.Build.0 = Release|Any CPU
		{A8B9C3D2-E1F0-4567-8901-234567890ABC}.Debug|Any CPU.ActiveCfg = Debug|Any CPU
		{A8B9C3D2-E1F0-4567-8901-234567890ABC}.Debug|Any CPU.Build.0 = Debug|Any CPU
		{A8B9C3D2-E1F0-4567-8901-234567890ABC}.Release|Any CPU.ActiveCfg = Release|Any CPU
		{A8B9C3D2-E1F0-4567-8901-234567890ABC}.Release|Any CPU.Build.0 = Release|Any CPU
		{C9D8E3F4-G5H6-7890-1234-567890ABCDEF}.Debug|Any CPU.ActiveCfg = Debug|Any CPU
		{C9D8E3F4-G5H6-7890-1234-567890ABCDEF}.Debug|Any CPU.Build.0 = Debug|Any CPU
		{C9D8E3F4-G5H6-7890-1234-567890ABCDEF}.Release|Any CPU.ActiveCfg = Release|Any CPU
		{C9D8E3F4-G5H6-7890-1234-567890ABCDEF}.Release|Any CPU.Build.0 = Release|Any CPU
		{4B218820-D0E2-4E17-9E69-633091114FDF}.Debug|Any CPU.ActiveCfg = Debug|Any CPU
		{4B218820-D0E2-4E17-9E69-633091114FDF}.Debug|Any CPU.Build.0 = Debug|Any CPU
		{4B218820-D0E2-4E17-9E69-633091114FDF}.Release|Any CPU.ActiveCfg = Release|Any CPU
		{4B218820-D0E2-4E17-9E69-633091114FDF}.Release|Any CPU.Build.0 = Release|Any CPU
		{5D1B56FF-681D-4B16-ADA4-8B97C73D4BA0}.Debug|Any CPU.ActiveCfg = Debug|Any CPU
		{5D1B56FF-681D-4B16-ADA4-8B97C73D4BA0}.Debug|Any CPU.Build.0 = Debug|Any CPU
		{5D1B56FF-681D-4B16-ADA4-8B97C73D4BA0}.Release|Any CPU.ActiveCfg = Release|Any CPU
		{5D1B56FF-681D-4B16-ADA4-8B97C73D4BA0}.Release|Any CPU.Build.0 = Release|Any CPU
		{C5B25A01-112C-482E-A4D3-283E6DEE6C59}.Debug|Any CPU.ActiveCfg = Debug|Any CPU
		{C5B25A01-112C-482E-A4D3-283E6DEE6C59}.Debug|Any CPU.Build.0 = Debug|Any CPU
		{C5B25A01-112C-482E-A4D3-283E6DEE6C59}.Release|Any CPU.ActiveCfg = Release|Any CPU
		{C5B25A01-112C-482E-A4D3-283E6DEE6C59}.Release|Any CPU.Build.0 = Release|Any CPU
		{E2C95FE2-BA9B-49BE-B2EC-3F92AC9E3273}.Debug|Any CPU.ActiveCfg = Debug|Any CPU
		{E2C95FE2-BA9B-49BE-B2EC-3F92AC9E3273}.Debug|Any CPU.Build.0 = Debug|Any CPU
		{E2C95FE2-BA9B-49BE-B2EC-3F92AC9E3273}.Release|Any CPU.ActiveCfg = Release|Any CPU
		{E2C95FE2-BA9B-49BE-B2EC-3F92AC9E3273}.Release|Any CPU.Build.0 = Release|Any CPU
		{F4A652F1-8F84-4BC6-A6CD-D77E5E4FC4F4}.Debug|Any CPU.ActiveCfg = Debug|Any CPU
		{F4A652F1-8F84-4BC6-A6CD-D77E5E4FC4F4}.Debug|Any CPU.Build.0 = Debug|Any CPU
		{F4A652F1-8F84-4BC6-A6CD-D77E5E4FC4F4}.Release|Any CPU.ActiveCfg = Release|Any CPU
		{F4A652F1-8F84-4BC6-A6CD-D77E5E4FC4F4}.Release|Any CPU.Build.0 = Release|Any CPU
	EndGlobalSection
EndGlobal
